// !$*UTF8*$!
{
	archiveVersion = 1;
	classes = {
	};
	objectVersion = 46;
	objects = {

/* Begin PBXBuildFile section */
		5B04D1341EE1449A00C73DF8 /* main.m in Sources */ = {isa = PBXBuildFile; fileRef = 5B04D1331EE1449A00C73DF8 /* main.m */; };
		5B04D1371EE1449A00C73DF8 /* AppDelegate.m in Sources */ = {isa = PBXBuildFile; fileRef = 5B04D1361EE1449A00C73DF8 /* AppDelegate.m */; };
		5B04D13A1EE1449A00C73DF8 /* ViewController.m in Sources */ = {isa = PBXBuildFile; fileRef = 5B04D1391EE1449A00C73DF8 /* ViewController.m */; };
		5B04D13D1EE1449A00C73DF8 /* Main.storyboard in Resources */ = {isa = PBXBuildFile; fileRef = 5B04D13B1EE1449A00C73DF8 /* Main.storyboard */; };
		5B04D13F1EE1449A00C73DF8 /* Assets.xcassets in Resources */ = {isa = PBXBuildFile; fileRef = 5B04D13E1EE1449A00C73DF8 /* Assets.xcassets */; };
		5B04D1421EE1449A00C73DF8 /* LaunchScreen.storyboard in Resources */ = {isa = PBXBuildFile; fileRef = 5B04D1401EE1449A00C73DF8 /* LaunchScreen.storyboard */; };
		5B04D14C1EE144AF00C73DF8 /* WKBRemarkTextView.m in Sources */ = {isa = PBXBuildFile; fileRef = 5B04D14B1EE144AF00C73DF8 /* WKBRemarkTextView.m */; };
/* End PBXBuildFile section */

/* Begin PBXFileReference section */
		5B04D12F1EE1449A00C73DF8 /* WKBRemarkTextViewDemo.app */ = {isa = PBXFileReference; explicitFileType = wrapper.application; includeInIndex = 0; path = WKBRemarkTextViewDemo.app; sourceTree = BUILT_PRODUCTS_DIR; };
		5B04D1331EE1449A00C73DF8 /* main.m */ = {isa = PBXFileReference; lastKnownFileType = sourcecode.c.objc; path = main.m; sourceTree = "<group>"; };
		5B04D1351EE1449A00C73DF8 /* AppDelegate.h */ = {isa = PBXFileReference; lastKnownFileType = sourcecode.c.h; path = AppDelegate.h; sourceTree = "<group>"; };
		5B04D1361EE1449A00C73DF8 /* AppDelegate.m */ = {isa = PBXFileReference; lastKnownFileType = sourcecode.c.objc; path = AppDelegate.m; sourceTree = "<group>"; };
		5B04D1381EE1449A00C73DF8 /* ViewController.h */ = {isa = PBXFileReference; lastKnownFileType = sourcecode.c.h; path = ViewController.h; sourceTree = "<group>"; };
		5B04D1391EE1449A00C73DF8 /* ViewController.m */ = {isa = PBXFileReference; lastKnownFileType = sourcecode.c.objc; path = ViewController.m; sourceTree = "<group>"; };
		5B04D13C1EE1449A00C73DF8 /* Base */ = {isa = PBXFileReference; lastKnownFileType = file.storyboard; name = Base; path = Base.lproj/Main.storyboard; sourceTree = "<group>"; };
		5B04D13E1EE1449A00C73DF8 /* Assets.xcassets */ = {isa = PBXFileReference; lastKnownFileType = folder.assetcatalog; path = Assets.xcassets; sourceTree = "<group>"; };
		5B04D1411EE1449A00C73DF8 /* Base */ = {isa = PBXFileReference; lastKnownFileType = file.storyboard; name = Base; path = Base.lproj/LaunchScreen.storyboard; sourceTree = "<group>"; };
		5B04D1431EE1449A00C73DF8 /* Info.plist */ = {isa = PBXFileReference; lastKnownFileType = text.plist.xml; path = Info.plist; sourceTree = "<group>"; };
		5B04D14A1EE144AF00C73DF8 /* WKBRemarkTextView.h */ = {isa = PBXFileReference; fileEncoding = 4; lastKnownFileType = sourcecode.c.h; path = WKBRemarkTextView.h; sourceTree = "<group>"; };
		5B04D14B1EE144AF00C73DF8 /* WKBRemarkTextView.m */ = {isa = PBXFileReference; fileEncoding = 4; lastKnownFileType = sourcecode.c.objc; path = WKBRemarkTextView.m; sourceTree = "<group>"; };
/* End PBXFileReference section */

/* Begin PBXFrameworksBuildPhase section */
		5B04D12C1EE1449A00C73DF8 /* Frameworks */ = {
			isa = PBXFrameworksBuildPhase;
			buildActionMask = 2147483647;
			files = (
			);
			runOnlyForDeploymentPostprocessing = 0;
		};
/* End PBXFrameworksBuildPhase section */

/* Begin PBXGroup section */
		5B04D1261EE1449A00C73DF8 = {
			isa = PBXGroup;
			children = (
				5B04D1311EE1449A00C73DF8 /* WKBRemarkTextViewDemo */,
				5B04D1301EE1449A00C73DF8 /* Products */,
			);
			sourceTree = "<group>";
		};
		5B04D1301EE1449A00C73DF8 /* Products */ = {
			isa = PBXGroup;
			children = (
				5B04D12F1EE1449A00C73DF8 /* WKBRemarkTextViewDemo.app */,
			);
			name = Products;
			sourceTree = "<group>";
		};
		5B04D1311EE1449A00C73DF8 /* WKBRemarkTextViewDemo */ = {
			isa = PBXGroup;
			children = (
				5B04D1491EE144AF00C73DF8 /* WKBRemarkTextView */,
				5B04D1351EE1449A00C73DF8 /* AppDelegate.h */,
				5B04D1361EE1449A00C73DF8 /* AppDelegate.m */,
				5B04D1381EE1449A00C73DF8 /* ViewController.h */,
				5B04D1391EE1449A00C73DF8 /* ViewController.m */,
				5B04D13B1EE1449A00C73DF8 /* Main.storyboard */,
				5B04D13E1EE1449A00C73DF8 /* Assets.xcassets */,
				5B04D1401EE1449A00C73DF8 /* LaunchScreen.storyboard */,
				5B04D1431EE1449A00C73DF8 /* Info.plist */,
				5B04D1321EE1449A00C73DF8 /* Supporting Files */,
			);
			path = WKBRemarkTextViewDemo;
			sourceTree = "<group>";
		};
		5B04D1321EE1449A00C73DF8 /* Supporting Files */ = {
			isa = PBXGroup;
			children = (
				5B04D1331EE1449A00C73DF8 /* main.m */,
			);
			name = "Supporting Files";
			sourceTree = "<group>";
		};
		5B04D1491EE144AF00C73DF8 /* WKBRemarkTextView */ = {
			isa = PBXGroup;
			children = (
				5B04D14A1EE144AF00C73DF8 /* WKBRemarkTextView.h */,
				5B04D14B1EE144AF00C73DF8 /* WKBRemarkTextView.m */,
			);
			path = WKBRemarkTextView;
			sourceTree = "<group>";
		};
/* End PBXGroup section */

/* Begin PBXNativeTarget section */
		5B04D12E1EE1449A00C73DF8 /* WKBRemarkTextViewDemo */ = {
			isa = PBXNativeTarget;
			buildConfigurationList = 5B04D1461EE1449A00C73DF8 /* Build configuration list for PBXNativeTarget "WKBRemarkTextViewDemo" */;
			buildPhases = (
				5B04D12B1EE1449A00C73DF8 /* Sources */,
				5B04D12C1EE1449A00C73DF8 /* Frameworks */,
				5B04D12D1EE1449A00C73DF8 /* Resources */,
			);
			buildRules = (
			);
			dependencies = (
			);
			name = WKBRemarkTextViewDemo;
			productName = WKBRemarkTextViewDemo;
			productReference = 5B04D12F1EE1449A00C73DF8 /* WKBRemarkTextViewDemo.app */;
			productType = "com.apple.product-type.application";
		};
/* End PBXNativeTarget section */

/* Begin PBXProject section */
		5B04D1271EE1449A00C73DF8 /* Project object */ = {
			isa = PBXProject;
			attributes = {
				LastUpgradeCheck = 0830;
				ORGANIZATIONNAME = "象萌cc002";
				TargetAttributes = {
					5B04D12E1EE1449A00C73DF8 = {
						CreatedOnToolsVersion = 8.3.2;
						ProvisioningStyle = Automatic;
					};
				};
			};
			buildConfigurationList = 5B04D12A1EE1449A00C73DF8 /* Build configuration list for PBXProject "WKBRemarkTextViewDemo" */;
			compatibilityVersion = "Xcode 3.2";
			developmentRegion = English;
			hasScannedForEncodings = 0;
			knownRegions = (
				en,
				Base,
			);
			mainGroup = 5B04D1261EE1449A00C73DF8;
			productRefGroup = 5B04D1301EE1449A00C73DF8 /* Products */;
			projectDirPath = "";
			projectRoot = "";
			targets = (
				5B04D12E1EE1449A00C73DF8 /* WKBRemarkTextViewDemo */,
			);
		};
/* End PBXProject section */

/* Begin PBXResourcesBuildPhase section */
		5B04D12D1EE1449A00C73DF8 /* Resources */ = {
			isa = PBXResourcesBuildPhase;
			buildActionMask = 2147483647;
			files = (
				5B04D1421EE1449A00C73DF8 /* LaunchScreen.storyboard in Resources */,
				5B04D13F1EE1449A00C73DF8 /* Assets.xcassets in Resources */,
				5B04D13D1EE1449A00C73DF8 /* Main.storyboard in Resources */,
			);
			runOnlyForDeploymentPostprocessing = 0;
		};
/* End PBXResourcesBuildPhase section */

/* Begin PBXSourcesBuildPhase section */
		5B04D12B1EE1449A00C73DF8 /* Sources */ = {
			isa = PBXSourcesBuildPhase;
			buildActionMask = 2147483647;
			files = (
				5B04D14C1EE144AF00C73DF8 /* WKBRemarkTextView.m in Sources */,
				5B04D13A1EE1449A00C73DF8 /* ViewController.m in Sources */,
				5B04D1371EE1449A00C73DF8 /* AppDelegate.m in Sources */,
				5B04D1341EE1449A00C73DF8 /* main.m in Sources */,
			);
			runOnlyForDeploymentPostprocessing = 0;
		};
/* End PBXSourcesBuildPhase section */

/* Begin PBXVariantGroup section */
		5B04D13B1EE1449A00C73DF8 /* Main.storyboard */ = {
			isa = PBXVariantGroup;
			children = (
				5B04D13C1EE1449A00C73DF8 /* Base */,
			);
			name = Main.storyboard;
			sourceTree = "<group>";
		};
		5B04D1401EE1449A00C73DF8 /* LaunchScreen.storyboard */ = {
			isa = PBXVariantGroup;
			children = (
				5B04D1411EE1449A00C73DF8 /* Base */,
			);
			name = LaunchScreen.storyboard;
			sourceTree = "<group>";
		};
/* End PBXVariantGroup section */

/* Begin XCBuildConfiguration section */
		5B04D1441EE1449A00C73DF8 /* Debug */ = {
			isa = XCBuildConfiguration;
			buildSettings = {
				ALWAYS_SEARCH_USER_PATHS = NO;
				CLANG_ANALYZER_NONNULL = YES;
				CLANG_ANALYZER_NUMBER_OBJECT_CONVERSION = YES_AGGRESSIVE;
				CLANG_CXX_LANGUAGE_STANDARD = "gnu++0x";
				CLANG_CXX_LIBRARY = "libc++";
				CLANG_ENABLE_MODULES = YES;
				CLANG_ENABLE_OBJC_ARC = YES;
				CLANG_WARN_BOOL_CONVERSION = YES;
				CLANG_WARN_CONSTANT_CONVERSION = YES;
				CLANG_WARN_DIRECT_OBJC_ISA_USAGE = YES_ERROR;
				CLANG_WARN_DOCUMENTATION_COMMENTS = YES;
				CLANG_WARN_EMPTY_BODY = YES;
				CLANG_WARN_ENUM_CONVERSION = YES;
				CLANG_WARN_INFINITE_RECURSION = YES;
				CLANG_WARN_INT_CONVERSION = YES;
				CLANG_WARN_OBJC_ROOT_CLASS = YES_ERROR;
				CLANG_WARN_SUSPICIOUS_MOVE = YES;
				CLANG_WARN_UNREACHABLE_CODE = YES;
				CLANG_WARN__DUPLICATE_METHOD_MATCH = YES;
				"CODE_SIGN_IDENTITY[sdk=iphoneos*]" = "iPhone Developer";
				COPY_PHASE_STRIP = NO;
				DEBUG_INFORMATION_FORMAT = dwarf;
				ENABLE_STRICT_OBJC_MSGSEND = YES;
				ENABLE_TESTABILITY = YES;
				GCC_C_LANGUAGE_STANDARD = gnu99;
				GCC_DYNAMIC_NO_PIC = NO;
				GCC_NO_COMMON_BLOCKS = YES;
				GCC_OPTIMIZATION_LEVEL = 0;
				GCC_PREPROCESSOR_DEFINITIONS = (
					"DEBUG=1",
					"$(inherited)",
				);
				GCC_WARN_64_TO_32_BIT_CONVERSION = YES;
				GCC_WARN_ABOUT_RETURN_TYPE = YES_ERROR;
				GCC_WARN_UNDECLARED_SELECTOR = YES;
				GCC_WARN_UNINITIALIZED_AUTOS = YES_AGGRESSIVE;
				GCC_WARN_UNUSED_FUNCTION = YES;
				GCC_WARN_UNUSED_VARIABLE = YES;
				IPHONEOS_DEPLOYMENT_TARGET = 10.3;
				MTL_ENABLE_DEBUG_INFO = YES;
				ONLY_ACTIVE_ARCH = YES;
				SDKROOT = iphoneos;
			};
			name = Debug;
		};
		5B04D1451EE1449A00C73DF8 /* Release */ = {
			isa = XCBuildConfiguration;
			buildSettings = {
				ALWAYS_SEARCH_USER_PATHS = NO;
				CLANG_ANALYZER_NONNULL = YES;
				CLANG_ANALYZER_NUMBER_OBJECT_CONVERSION = YES_AGGRESSIVE;
				CLANG_CXX_LANGUAGE_STANDARD = "gnu++0x";
				CLANG_CXX_LIBRARY = "libc++";
				CLANG_ENABLE_MODULES = YES;
				CLANG_ENABLE_OBJC_ARC = YES;
				CLANG_WARN_BOOL_CONVERSION = YES;
				CLANG_WARN_CONSTANT_CONVERSION = YES;
				CLANG_WARN_DIRECT_OBJC_ISA_USAGE = YES_ERROR;
				CLANG_WARN_DOCUMENTATION_COMMENTS = YES;
				CLANG_WARN_EMPTY_BODY = YES;
				CLANG_WARN_ENUM_CONVERSION = YES;
				CLANG_WARN_INFINITE_RECURSION = YES;
				CLANG_WARN_INT_CONVERSION = YES;
				CLANG_WARN_OBJC_ROOT_CLASS = YES_ERROR;
				CLANG_WARN_SUSPICIOUS_MOVE = YES;
				CLANG_WARN_UNREACHABLE_CODE = YES;
				CLANG_WARN__DUPLICATE_METHOD_MATCH = YES;
				"CODE_SIGN_IDENTITY[sdk=iphoneos*]" = "iPhone Developer";
				COPY_PHASE_STRIP = NO;
				DEBUG_INFORMATION_FORMAT = "dwarf-with-dsym";
				ENABLE_NS_ASSERTIONS = NO;
				ENABLE_STRICT_OBJC_MSGSEND = YES;
				GCC_C_LANGUAGE_STANDARD = gnu99;
				GCC_NO_COMMON_BLOCKS = YES;
				GCC_WARN_64_TO_32_BIT_CONVERSION = YES;
				GCC_WARN_ABOUT_RETURN_TYPE = YES_ERROR;
				GCC_WARN_UNDECLARED_SELECTOR = YES;
				GCC_WARN_UNINITIALIZED_AUTOS = YES_AGGRESSIVE;
				GCC_WARN_UNUSED_FUNCTION = YES;
				GCC_WARN_UNUSED_VARIABLE = YES;
				IPHONEOS_DEPLOYMENT_TARGET = 10.3;
				MTL_ENABLE_DEBUG_INFO = NO;
				SDKROOT = iphoneos;
				VALIDATE_PRODUCT = YES;
			};
			name = Release;
		};
		5B04D1471EE1449A00C73DF8 /* Debug */ = {
			isa = XCBuildConfiguration;
			buildSettings = {
				ASSETCATALOG_COMPILER_APPICON_NAME = AppIcon;
				INFOPLIST_FILE = WKBRemarkTextViewDemo/Info.plist;
				LD_RUNPATH_SEARCH_PATHS = "$(inherited) @executable_path/Frameworks";
				PRODUCT_BUNDLE_IDENTIFIER = xm.WKBRemarkTextViewDemo;
				PRODUCT_NAME = "$(TARGET_NAME)";
			};
			name = Debug;
		};
		5B04D1481EE1449A00C73DF8 /* Release */ = {
			isa = XCBuildConfiguration;
			buildSettings = {
				ASSETCATALOG_COMPILER_APPICON_NAME = AppIcon;
				INFOPLIST_FILE = WKBRemarkTextViewDemo/Info.plist;
				LD_RUNPATH_SEARCH_PATHS = "$(inherited) @executable_path/Frameworks";
				PRODUCT_BUNDLE_IDENTIFIER = xm.WKBRemarkTextViewDemo;
				PRODUCT_NAME = "$(TARGET_NAME)";
			};
			name = Release;
		};
/* End XCBuildConfiguration section */

/* Begin XCConfigurationList section */
		5B04D12A1EE1449A00C73DF8 /* Build configuration list for PBXProject "WKBRemarkTextViewDemo" */ = {
			isa = XCConfigurationList;
			buildConfigurations = (
				5B04D1441EE1449A00C73DF8 /* Debug */,
				5B04D1451EE1449A00C73DF8 /* Release */,
			);
			defaultConfigurationIsVisible = 0;
			defaultConfigurationName = Release;
		};
		5B04D1461EE1449A00C73DF8 /* Build configuration list for PBXNativeTarget "WKBRemarkTextViewDemo" */ = {
			isa = XCConfigurationList;
			buildConfigurations = (
				5B04D1471EE1449A00C73DF8 /* Debug */,
				5B04D1481EE1449A00C73DF8 /* Release */,
			);
			defaultConfigurationIsVisible = 0;
		};
/* End XCConfigurationList section */
	};
	rootObject = 5B04D1271EE1449A00C73DF8 /* Project object */;
}
